<?xml version="1.0" encoding="utf-8"?>
<Project ToolsVersion="4.0" xmlns="http://schemas.microsoft.com/developer/msbuild/2003">
  <ItemGroup>
    <Filter Include="src">
      <UniqueIdentifier>{5925d692-d9d0-4ce6-b7e2-da135893839e}</UniqueIdentifier>
    </Filter>
    <Filter Include="src\Core">
      <UniqueIdentifier>{ed0cf946-a163-4e46-bc13-7399f4cd7b23}</UniqueIdentifier>
    </Filter>
    <Filter Include="src\Core\Static">
      <UniqueIdentifier>{6683df14-fbc3-4018-9028-2840c6f9d80f}</UniqueIdentifier>
    </Filter>
    <Filter Include="src\Core\Structs">
      <UniqueIdentifier>{2c4fe906-a9a4-4e8f-abc4-7fffddc94cd7}</UniqueIdentifier>
    </Filter>
    <Filter Include="src\ECS">
      <UniqueIdentifier>{6e3bd6a8-6cba-4f31-bdcd-daf09638fa18}</UniqueIdentifier>
    </Filter>
    <Filter Include="src\ECS\Components">
      <UniqueIdentifier>{fa6c289a-0324-4c2c-8d51-d3086c548aa1}</UniqueIdentifier>
    </Filter>
    <Filter Include="src\ECS\Prefabs">
      <UniqueIdentifier>{431ddc36-c786-47a3-a79d-79d39f864a4f}</UniqueIdentifier>
    </Filter>
    <Filter Include="src\Core\Static\Input">
      <UniqueIdentifier>{722406be-3ff2-4477-997a-fac7938a7dc8}</UniqueIdentifier>
    </Filter>
    <Filter Include="src\Core\ApplicationModules">
      <UniqueIdentifier>{ccb3b9e7-213d-48b5-8386-27a9ea106361}</UniqueIdentifier>
    </Filter>
  </ItemGroup>
  <ItemGroup>
    <ClInclude Include="pch.h">
      <Filter>src</Filter>
    </ClInclude>
    <ClInclude Include="framework.h">
      <Filter>src</Filter>
    </ClInclude>
    <ClInclude Include="RFE.h">
      <Filter>src</Filter>
    </ClInclude>
    <ClInclude Include="Log.hpp">
      <Filter>src\Core</Filter>
    </ClInclude>
    <ClInclude Include="Clipboard.hpp">
      <Filter>src\Core\Static</Filter>
    </ClInclude>
    <ClInclude Include="Cursor.hpp">
      <Filter>src\Core\Static</Filter>
    </ClInclude>
    <ClInclude Include="Monitor.hpp">
      <Filter>src\Core\Static</Filter>
    </ClInclude>
    <ClInclude Include="Event.hpp">
      <Filter>src\Core</Filter>
    </ClInclude>
    <ClInclude Include="Application.hpp">
      <Filter>src\Core</Filter>
    </ClInclude>
    <ClInclude Include="CameraComponent.hpp">
      <Filter>src\ECS\Components</Filter>
    </ClInclude>
    <ClInclude Include="Transform.hpp">
      <Filter>src\ECS\Components</Filter>
    </ClInclude>
    <ClInclude Include="Component.hpp">
      <Filter>src\ECS</Filter>
    </ClInclude>
    <ClInclude Include="Entity.hpp">
      <Filter>src\ECS</Filter>
    </ClInclude>
    <ClInclude Include="Scene.hpp">
      <Filter>src\ECS</Filter>
    </ClInclude>
    <ClInclude Include="Prefab.hpp">
      <Filter>src\ECS</Filter>
    </ClInclude>
    <ClInclude Include="CameraPrefab.hpp">
      <Filter>src\ECS\Prefabs</Filter>
    </ClInclude>
    <ClInclude Include="Window.hpp">
      <Filter>src\Core\Static</Filter>
    </ClInclude>
    <ClInclude Include="Quaternion4D.hpp">
      <Filter>src\Core\Structs</Filter>
    </ClInclude>
    <ClInclude Include="Vector2D.hpp">
      <Filter>src\Core\Structs</Filter>
    </ClInclude>
    <ClInclude Include="Vector3D.hpp">
      <Filter>src\Core\Structs</Filter>
    </ClInclude>
    <ClInclude Include="VectorND.hpp">
      <Filter>src\Core\Structs</Filter>
    </ClInclude>
    <ClInclude Include="Time.hpp">
      <Filter>src\Core\Static</Filter>
    </ClInclude>
    <ClInclude Include="Camera.hpp">
      <Filter>src\Core</Filter>
    </ClInclude>
    <ClInclude Include="Random.hpp">
      <Filter>src\Core\Static</Filter>
    </ClInclude>
    <ClInclude Include="Screenshot.hpp">
      <Filter>src\Core\Static</Filter>
    </ClInclude>
    <ClInclude Include="URL.hpp">
      <Filter>src\Core\Static</Filter>
    </ClInclude>
    <ClInclude Include="File.hpp">
      <Filter>src\Core\Static</Filter>
    </ClInclude>
    <ClInclude Include="Keyboard.hpp">
      <Filter>src\Core\Static\Input</Filter>
    </ClInclude>
    <ClInclude Include="Gamepad.hpp">
      <Filter>src\Core\Static\Input</Filter>
    </ClInclude>
    <ClInclude Include="Mouse.hpp">
      <Filter>src\Core\Static\Input</Filter>
    </ClInclude>
    <ClInclude Include="Touch.hpp">
      <Filter>src\Core\Static\Input</Filter>
    </ClInclude>
    <ClInclude Include="FunctionBuffer.hpp">
      <Filter>src\Core</Filter>
    </ClInclude>
    <ClInclude Include="FPSDrawer.hpp">
      <Filter>src\ECS\Components</Filter>
    </ClInclude>
    <ClInclude Include="FPSToggler.hpp">
      <Filter>src\ECS\Components</Filter>
    </ClInclude>
    <ClInclude Include="FPSCounterPrefab.hpp">
      <Filter>src\ECS\Prefabs</Filter>
    </ClInclude>
    <ClInclude Include="ApplicationSettings.hpp">
      <Filter>src\Core\ApplicationModules</Filter>
    </ClInclude>
    <ClInclude Include="CameraStack.h">
      <Filter>src\Core\ApplicationModules</Filter>
    </ClInclude>
    <ClInclude Include="SceneManager.hpp">
      <Filter>src\Core\ApplicationModules</Filter>
    </ClInclude>
  </ItemGroup>
  <ItemGroup>
    <ClCompile Include="pch.cpp">
      <Filter>src</Filter>
    </ClCompile>
    <ClCompile Include="dllmain.cpp">
      <Filter>src</Filter>
    </ClCompile>
    <ClCompile Include="Monitor.cpp">
      <Filter>src\Core\Static</Filter>
    </ClCompile>
    <ClCompile Include="Application.cpp">
      <Filter>src\Core</Filter>
    </ClCompile>
    <ClCompile Include="Component.cpp">
      <Filter>src\ECS</Filter>
    </ClCompile>
    <ClCompile Include="Entity.cpp">
      <Filter>src\ECS</Filter>
    </ClCompile>
    <ClCompile Include="Scene.cpp">
      <Filter>src\ECS</Filter>
    </ClCompile>
    <ClCompile Include="CameraComponent.cpp">
      <Filter>src\ECS\Components</Filter>
    </ClCompile>
    <ClCompile Include="CameraPrefab.cpp">
      <Filter>src\ECS\Prefabs</Filter>
    </ClCompile>
    <ClCompile Include="Log.cpp">
      <Filter>src\Core</Filter>
    </ClCompile>
    <ClCompile Include="Clipboard.cpp">
      <Filter>src\Core\Static</Filter>
    </ClCompile>
    <ClCompile Include="Cursor.cpp">
      <Filter>src\Core\Static</Filter>
    </ClCompile>
    <ClCompile Include="Window.cpp">
      <Filter>src\Core\Static</Filter>
    </ClCompile>
    <ClCompile Include="Transform.cpp">
      <Filter>src\ECS\Components</Filter>
    </ClCompile>
    <ClCompile Include="Time.cpp">
      <Filter>src\Core\Static</Filter>
    </ClCompile>
    <ClCompile Include="Camera.cpp">
      <Filter>src\Core</Filter>
    </ClCompile>
    <ClCompile Include="Random.cpp">
      <Filter>src\Core\Static</Filter>
    </ClCompile>
    <ClCompile Include="Screenshot.cpp">
      <Filter>src\Core\Static</Filter>
    </ClCompile>
    <ClCompile Include="URL.cpp">
      <Filter>src\Core\Static</Filter>
    </ClCompile>
    <ClCompile Include="File.cpp">
      <Filter>src\Core\Static</Filter>
    </ClCompile>
    <ClCompile Include="Keyboard.cpp">
      <Filter>src\Core\Static\Input</Filter>
    </ClCompile>
    <ClCompile Include="Gamepad.cpp">
      <Filter>src\Core\Static\Input</Filter>
    </ClCompile>
    <ClCompile Include="Mouse.cpp">
      <Filter>src\Core\Static\Input</Filter>
    </ClCompile>
    <ClCompile Include="Touch.cpp">
      <Filter>src\Core\Static\Input</Filter>
    </ClCompile>
    <ClCompile Include="FunctionBuffer.cpp">
      <Filter>src\Core</Filter>
    </ClCompile>
    <ClCompile Include="FPSCounterPrefab.cpp">
      <Filter>src\ECS\Prefabs</Filter>
    </ClCompile>
    <ClCompile Include="FPSDrawer.cpp">
      <Filter>src\ECS\Components</Filter>
    </ClCompile>
    <ClCompile Include="FPSToggler.cpp">
      <Filter>src\ECS\Components</Filter>
    </ClCompile>
    <ClCompile Include="ApplicationSettings.cpp">
      <Filter>src\Core\ApplicationModules</Filter>
    </ClCompile>
    <ClCompile Include="CameraStack.cpp">
      <Filter>src\Core\ApplicationModules</Filter>
    </ClCompile>
    <ClCompile Include="SceneManager.cpp">
      <Filter>src\Core\ApplicationModules</Filter>
    </ClCompile>
  </ItemGroup>
</Project>