<?xml version="1.0" encoding="utf-8"?>
<Project ToolsVersion="4.0" xmlns="http://schemas.microsoft.com/developer/msbuild/2003">
  <ItemGroup>
    <Filter Include="src">
      <UniqueIdentifier>{5925d692-d9d0-4ce6-b7e2-da135893839e}</UniqueIdentifier>
    </Filter>
    <Filter Include="src\Core">
      <UniqueIdentifier>{ed0cf946-a163-4e46-bc13-7399f4cd7b23}</UniqueIdentifier>
    </Filter>
    <Filter Include="src\Core\Static">
      <UniqueIdentifier>{6683df14-fbc3-4018-9028-2840c6f9d80f}</UniqueIdentifier>
    </Filter>
    <Filter Include="src\Core\Structs">
      <UniqueIdentifier>{2c4fe906-a9a4-4e8f-abc4-7fffddc94cd7}</UniqueIdentifier>
    </Filter>
    <Filter Include="src\ECS">
      <UniqueIdentifier>{6e3bd6a8-6cba-4f31-bdcd-daf09638fa18}</UniqueIdentifier>
    </Filter>
    <Filter Include="src\ECS\Components">
      <UniqueIdentifier>{fa6c289a-0324-4c2c-8d51-d3086c548aa1}</UniqueIdentifier>
    </Filter>
    <Filter Include="src\ECS\Prefabs">
      <UniqueIdentifier>{431ddc36-c786-47a3-a79d-79d39f864a4f}</UniqueIdentifier>
    </Filter>
  </ItemGroup>
  <ItemGroup>
    <ClInclude Include="pch.h">
      <Filter>src</Filter>
    </ClInclude>
    <ClInclude Include="framework.h">
      <Filter>src</Filter>
    </ClInclude>
    <ClInclude Include="RFE.h">
      <Filter>src</Filter>
    </ClInclude>
    <ClInclude Include="Log.h">
      <Filter>src\Core</Filter>
    </ClInclude>
    <ClInclude Include="Clipboard.h">
      <Filter>src\Core\Static</Filter>
    </ClInclude>
    <ClInclude Include="Cursor.h">
      <Filter>src\Core\Static</Filter>
    </ClInclude>
    <ClInclude Include="Monitor.h">
      <Filter>src\Core\Static</Filter>
    </ClInclude>
    <ClInclude Include="Quaternion.h">
      <Filter>src\Core\Structs</Filter>
    </ClInclude>
    <ClInclude Include="Vector2f.h">
      <Filter>src\Core\Structs</Filter>
    </ClInclude>
    <ClInclude Include="Vector3f.h">
      <Filter>src\Core\Structs</Filter>
    </ClInclude>
    <ClInclude Include="Event.h">
      <Filter>src\Core</Filter>
    </ClInclude>
    <ClInclude Include="Window.h">
      <Filter>src\Core</Filter>
    </ClInclude>
    <ClInclude Include="Application.h">
      <Filter>src\Core</Filter>
    </ClInclude>
    <ClInclude Include="CameraComponent.h">
      <Filter>src\ECS\Components</Filter>
    </ClInclude>
    <ClInclude Include="Transform.h">
      <Filter>src\ECS\Components</Filter>
    </ClInclude>
    <ClInclude Include="Component.h">
      <Filter>src\ECS</Filter>
    </ClInclude>
    <ClInclude Include="Entity.h">
      <Filter>src\ECS</Filter>
    </ClInclude>
    <ClInclude Include="Scene.h">
      <Filter>src\ECS</Filter>
    </ClInclude>
    <ClInclude Include="SceneManager.h">
      <Filter>src\ECS</Filter>
    </ClInclude>
    <ClInclude Include="Prefab.h">
      <Filter>src\ECS</Filter>
    </ClInclude>
    <ClInclude Include="CameraPrefab.h">
      <Filter>src\ECS\Prefabs</Filter>
    </ClInclude>
    <ClInclude Include="ApplicationSettings.h">
      <Filter>src\Core</Filter>
    </ClInclude>
  </ItemGroup>
  <ItemGroup>
    <ClCompile Include="pch.cpp">
      <Filter>src</Filter>
    </ClCompile>
    <ClCompile Include="dllmain.cpp">
      <Filter>src</Filter>
    </ClCompile>
    <ClCompile Include="Monitor.cpp">
      <Filter>src\Core\Static</Filter>
    </ClCompile>
    <ClCompile Include="Window.cpp">
      <Filter>src\Core</Filter>
    </ClCompile>
    <ClCompile Include="Application.cpp">
      <Filter>src\Core</Filter>
    </ClCompile>
    <ClCompile Include="Component.cpp">
      <Filter>src\ECS</Filter>
    </ClCompile>
    <ClCompile Include="Entity.cpp">
      <Filter>src\ECS</Filter>
    </ClCompile>
    <ClCompile Include="Scene.cpp">
      <Filter>src\ECS</Filter>
    </ClCompile>
    <ClCompile Include="SceneManager.cpp">
      <Filter>src\ECS</Filter>
    </ClCompile>
    <ClCompile Include="CameraComponent.cpp">
      <Filter>src\ECS\Components</Filter>
    </ClCompile>
    <ClCompile Include="CameraPrefab.cpp">
      <Filter>src\ECS\Prefabs</Filter>
    </ClCompile>
    <ClCompile Include="Log.cpp">
      <Filter>src\Core</Filter>
    </ClCompile>
    <ClCompile Include="Clipboard.cpp">
      <Filter>src\Core\Static</Filter>
    </ClCompile>
    <ClCompile Include="Cursor.cpp">
      <Filter>src\Core\Static</Filter>
    </ClCompile>
    <ClCompile Include="Vector3f.cpp">
      <Filter>src\Core\Structs</Filter>
    </ClCompile>
    <ClCompile Include="Vector2f.cpp">
      <Filter>src\Core\Structs</Filter>
    </ClCompile>
    <ClCompile Include="Quaternion.cpp">
      <Filter>src\Core\Structs</Filter>
    </ClCompile>
    <ClCompile Include="ApplicationSettings.cpp">
      <Filter>src\Core</Filter>
    </ClCompile>
  </ItemGroup>
</Project>