<?xml version="1.0" encoding="utf-8"?>
<Project ToolsVersion="4.0" xmlns="http://schemas.microsoft.com/developer/msbuild/2003">
  <ItemGroup>
    <Filter Include="src">
      <UniqueIdentifier>{63e568f0-c147-47ae-96ba-aa36e58c9b95}</UniqueIdentifier>
    </Filter>
    <Filter Include="src\Scenes">
      <UniqueIdentifier>{776526b9-4689-4785-93fe-294d25585979}</UniqueIdentifier>
    </Filter>
    <Filter Include="src\Components">
      <UniqueIdentifier>{bdd0bee7-0cfa-492a-9f44-2efb3962efdf}</UniqueIdentifier>
    </Filter>
    <Filter Include="src\Prefabs">
      <UniqueIdentifier>{28559a89-9482-4660-97eb-1977714b62c2}</UniqueIdentifier>
    </Filter>
  </ItemGroup>
  <ItemGroup>
    <ClCompile Include="main.cpp">
      <Filter>src</Filter>
    </ClCompile>
  </ItemGroup>
  <ItemGroup>
    <ClInclude Include="TestApp.h">
      <Filter>src</Filter>
    </ClInclude>
    <ClInclude Include="TestScene.h">
      <Filter>src\Scenes</Filter>
    </ClInclude>
    <ClInclude Include="Scenes.h">
      <Filter>src</Filter>
    </ClInclude>
    <ClInclude Include="Components.h">
      <Filter>src</Filter>
    </ClInclude>
    <ClInclude Include="Prefabs.h">
      <Filter>src</Filter>
    </ClInclude>
    <ClInclude Include="FPSDrawer.h">
      <Filter>src\Components</Filter>
    </ClInclude>
    <ClInclude Include="KeyboardController.h">
      <Filter>src\Components</Filter>
    </ClInclude>
    <ClInclude Include="FPSToggler.h">
      <Filter>src\Components</Filter>
    </ClInclude>
    <ClInclude Include="CallbacksTester.h">
      <Filter>src\Components</Filter>
    </ClInclude>
    <ClInclude Include="CallbacksTesterToggler.h">
      <Filter>src\Components</Filter>
    </ClInclude>
    <ClInclude Include="FPSCounterPrefab.h">
      <Filter>src\Prefabs</Filter>
    </ClInclude>
    <ClInclude Include="CallbacksTesterPrefab.h">
      <Filter>src\Prefabs</Filter>
    </ClInclude>
  </ItemGroup>
</Project>